// !$*UTF8*$!
{
	archiveVersion = 1;
	classes = {
	};
	objectVersion = 56;
	objects = {

/* Begin PBXBuildFile section */
		B897C71F2B2C149400143077 /* vimaApp.swift in Sources */ = {isa = PBXBuildFile; fileRef = B897C71E2B2C149400143077 /* vimaApp.swift */; };
		B897C7212B2C149400143077 /* ContentView.swift in Sources */ = {isa = PBXBuildFile; fileRef = B897C7202B2C149400143077 /* ContentView.swift */; };
		B897C7232B2C149600143077 /* Assets.xcassets in Resources */ = {isa = PBXBuildFile; fileRef = B897C7222B2C149600143077 /* Assets.xcassets */; };
		B897C7262B2C149600143077 /* Preview Assets.xcassets in Resources */ = {isa = PBXBuildFile; fileRef = B897C7252B2C149600143077 /* Preview Assets.xcassets */; };
		B897C7302B2C149600143077 /* vimaTests.swift in Sources */ = {isa = PBXBuildFile; fileRef = B897C72F2B2C149600143077 /* vimaTests.swift */; };
		B897C73A2B2C149600143077 /* vimaUITests.swift in Sources */ = {isa = PBXBuildFile; fileRef = B897C7392B2C149600143077 /* vimaUITests.swift */; };
		B897C73C2B2C149600143077 /* vimaUITestsLaunchTests.swift in Sources */ = {isa = PBXBuildFile; fileRef = B897C73B2B2C149600143077 /* vimaUITestsLaunchTests.swift */; };
		B897C74B2B2C22BF00143077 /* Config.swift in Sources */ = {isa = PBXBuildFile; fileRef = B897C74A2B2C22BF00143077 /* Config.swift */; };
		B897C74D2B2C22DE00143077 /* BackgroundPlayer.swift in Sources */ = {isa = PBXBuildFile; fileRef = B897C74C2B2C22DE00143077 /* BackgroundPlayer.swift */; };
		B897C7522B2C240300143077 /* Smoke_Sheet_4K_Motion_Background_Loop.mp4 in Resources */ = {isa = PBXBuildFile; fileRef = B897C7512B2C240300143077 /* Smoke_Sheet_4K_Motion_Background_Loop.mp4 */; };
		B897C7552B2C26FF00143077 /* NetworkService.swift in Sources */ = {isa = PBXBuildFile; fileRef = B897C7542B2C26FF00143077 /* NetworkService.swift */; };
		B897C7572B2C2E6F00143077 /* Payload.swift in Sources */ = {isa = PBXBuildFile; fileRef = B897C7562B2C2E6F00143077 /* Payload.swift */; };
		B897C7592B2C70D500143077 /* MainView.swift in Sources */ = {isa = PBXBuildFile; fileRef = B897C7582B2C70D500143077 /* MainView.swift */; };
		B897C75B2B2C743600143077 /* FloatMenuView.swift in Sources */ = {isa = PBXBuildFile; fileRef = B897C75A2B2C743600143077 /* FloatMenuView.swift */; };
		B897C75D2B2C950000143077 /* RoomView.swift in Sources */ = {isa = PBXBuildFile; fileRef = B897C75C2B2C950000143077 /* RoomView.swift */; };
		B897C75F2B2C98F900143077 /* MusicPlayerView.swift in Sources */ = {isa = PBXBuildFile; fileRef = B897C75E2B2C98F900143077 /* MusicPlayerView.swift */; };
		B897C7612B2E1E7B00143077 /* AgoraService.swift in Sources */ = {isa = PBXBuildFile; fileRef = B897C7602B2E1E7B00143077 /* AgoraService.swift */; };
		B897C7642B2E1FEC00143077 /* RtcBasic in Frameworks */ = {isa = PBXBuildFile; productRef = B897C7632B2E1FEC00143077 /* RtcBasic */; };
		B897C7662B2E249200143077 /* servers.plist in Resources */ = {isa = PBXBuildFile; fileRef = B897C7652B2E249200143077 /* servers.plist */; };
		B897C7682B30984000143077 /* WebsocketManager.swift in Sources */ = {isa = PBXBuildFile; fileRef = B897C7672B30984000143077 /* WebsocketManager.swift */; };
/* End PBXBuildFile section */

/* Begin PBXContainerItemProxy section */
		B897C72C2B2C149600143077 /* PBXContainerItemProxy */ = {
			isa = PBXContainerItemProxy;
			containerPortal = B897C7132B2C149400143077 /* Project object */;
			proxyType = 1;
			remoteGlobalIDString = B897C71A2B2C149400143077;
			remoteInfo = vima;
		};
		B897C7362B2C149600143077 /* PBXContainerItemProxy */ = {
			isa = PBXContainerItemProxy;
			containerPortal = B897C7132B2C149400143077 /* Project object */;
			proxyType = 1;
			remoteGlobalIDString = B897C71A2B2C149400143077;
			remoteInfo = vima;
		};
/* End PBXContainerItemProxy section */

/* Begin PBXFileReference section */
		B897C71B2B2C149400143077 /* vima.app */ = {isa = PBXFileReference; explicitFileType = wrapper.application; includeInIndex = 0; path = vima.app; sourceTree = BUILT_PRODUCTS_DIR; };
		B897C71E2B2C149400143077 /* vimaApp.swift */ = {isa = PBXFileReference; lastKnownFileType = sourcecode.swift; path = vimaApp.swift; sourceTree = "<group>"; };
		B897C7202B2C149400143077 /* ContentView.swift */ = {isa = PBXFileReference; lastKnownFileType = sourcecode.swift; path = ContentView.swift; sourceTree = "<group>"; };
		B897C7222B2C149600143077 /* Assets.xcassets */ = {isa = PBXFileReference; lastKnownFileType = folder.assetcatalog; path = Assets.xcassets; sourceTree = "<group>"; };
		B897C7252B2C149600143077 /* Preview Assets.xcassets */ = {isa = PBXFileReference; lastKnownFileType = folder.assetcatalog; path = "Preview Assets.xcassets"; sourceTree = "<group>"; };
		B897C72B2B2C149600143077 /* vimaTests.xctest */ = {isa = PBXFileReference; explicitFileType = wrapper.cfbundle; includeInIndex = 0; path = vimaTests.xctest; sourceTree = BUILT_PRODUCTS_DIR; };
		B897C72F2B2C149600143077 /* vimaTests.swift */ = {isa = PBXFileReference; lastKnownFileType = sourcecode.swift; path = vimaTests.swift; sourceTree = "<group>"; };
		B897C7352B2C149600143077 /* vimaUITests.xctest */ = {isa = PBXFileReference; explicitFileType = wrapper.cfbundle; includeInIndex = 0; path = vimaUITests.xctest; sourceTree = BUILT_PRODUCTS_DIR; };
		B897C7392B2C149600143077 /* vimaUITests.swift */ = {isa = PBXFileReference; lastKnownFileType = sourcecode.swift; path = vimaUITests.swift; sourceTree = "<group>"; };
		B897C73B2B2C149600143077 /* vimaUITestsLaunchTests.swift */ = {isa = PBXFileReference; lastKnownFileType = sourcecode.swift; path = vimaUITestsLaunchTests.swift; sourceTree = "<group>"; };
		B897C74A2B2C22BF00143077 /* Config.swift */ = {isa = PBXFileReference; lastKnownFileType = sourcecode.swift; path = Config.swift; sourceTree = "<group>"; };
		B897C74C2B2C22DE00143077 /* BackgroundPlayer.swift */ = {isa = PBXFileReference; lastKnownFileType = sourcecode.swift; path = BackgroundPlayer.swift; sourceTree = "<group>"; };
		B897C7512B2C240300143077 /* Smoke_Sheet_4K_Motion_Background_Loop.mp4 */ = {isa = PBXFileReference; lastKnownFileType = file; path = Smoke_Sheet_4K_Motion_Background_Loop.mp4; sourceTree = "<group>"; };
		B897C7542B2C26FF00143077 /* NetworkService.swift */ = {isa = PBXFileReference; lastKnownFileType = sourcecode.swift; path = NetworkService.swift; sourceTree = "<group>"; };
		B897C7562B2C2E6F00143077 /* Payload.swift */ = {isa = PBXFileReference; lastKnownFileType = sourcecode.swift; path = Payload.swift; sourceTree = "<group>"; };
		B897C7582B2C70D500143077 /* MainView.swift */ = {isa = PBXFileReference; lastKnownFileType = sourcecode.swift; path = MainView.swift; sourceTree = "<group>"; };
		B897C75A2B2C743600143077 /* FloatMenuView.swift */ = {isa = PBXFileReference; lastKnownFileType = sourcecode.swift; path = FloatMenuView.swift; sourceTree = "<group>"; };
		B897C75C2B2C950000143077 /* RoomView.swift */ = {isa = PBXFileReference; lastKnownFileType = sourcecode.swift; path = RoomView.swift; sourceTree = "<group>"; };
		B897C75E2B2C98F900143077 /* MusicPlayerView.swift */ = {isa = PBXFileReference; lastKnownFileType = sourcecode.swift; path = MusicPlayerView.swift; sourceTree = "<group>"; };
		B897C7602B2E1E7B00143077 /* AgoraService.swift */ = {isa = PBXFileReference; lastKnownFileType = sourcecode.swift; path = AgoraService.swift; sourceTree = "<group>"; };
		B897C7652B2E249200143077 /* servers.plist */ = {isa = PBXFileReference; lastKnownFileType = text.plist.xml; path = servers.plist; sourceTree = "<group>"; };
		B897C7672B30984000143077 /* WebsocketManager.swift */ = {isa = PBXFileReference; lastKnownFileType = sourcecode.swift; path = WebsocketManager.swift; sourceTree = "<group>"; };
/* End PBXFileReference section */

/* Begin PBXFrameworksBuildPhase section */
		B897C7182B2C149400143077 /* Frameworks */ = {
			isa = PBXFrameworksBuildPhase;
			buildActionMask = 2147483647;
			files = (
				B897C7642B2E1FEC00143077 /* RtcBasic in Frameworks */,
			);
			runOnlyForDeploymentPostprocessing = 0;
		};
		B897C7282B2C149600143077 /* Frameworks */ = {
			isa = PBXFrameworksBuildPhase;
			buildActionMask = 2147483647;
			files = (
			);
			runOnlyForDeploymentPostprocessing = 0;
		};
		B897C7322B2C149600143077 /* Frameworks */ = {
			isa = PBXFrameworksBuildPhase;
			buildActionMask = 2147483647;
			files = (
			);
			runOnlyForDeploymentPostprocessing = 0;
		};
/* End PBXFrameworksBuildPhase section */

/* Begin PBXGroup section */
		B897C7122B2C149400143077 = {
			isa = PBXGroup;
			children = (
				B897C71D2B2C149400143077 /* vima */,
				B897C72E2B2C149600143077 /* vimaTests */,
				B897C7382B2C149600143077 /* vimaUITests */,
				B897C71C2B2C149400143077 /* Products */,
			);
			sourceTree = "<group>";
		};
		B897C71C2B2C149400143077 /* Products */ = {
			isa = PBXGroup;
			children = (
				B897C71B2B2C149400143077 /* vima.app */,
				B897C72B2B2C149600143077 /* vimaTests.xctest */,
				B897C7352B2C149600143077 /* vimaUITests.xctest */,
			);
			name = Products;
			sourceTree = "<group>";
		};
		B897C71D2B2C149400143077 /* vima */ = {
			isa = PBXGroup;
			children = (
				B897C74E2B2C23B400143077 /* Resource */,
				B897C71E2B2C149400143077 /* vimaApp.swift */,
				B897C7202B2C149400143077 /* ContentView.swift */,
				B897C7222B2C149600143077 /* Assets.xcassets */,
				B897C7242B2C149600143077 /* Preview Content */,
				B897C74A2B2C22BF00143077 /* Config.swift */,
				B897C7652B2E249200143077 /* servers.plist */,
				B897C74C2B2C22DE00143077 /* BackgroundPlayer.swift */,
				B897C7542B2C26FF00143077 /* NetworkService.swift */,
				B897C7562B2C2E6F00143077 /* Payload.swift */,
				B897C7582B2C70D500143077 /* MainView.swift */,
				B897C75A2B2C743600143077 /* FloatMenuView.swift */,
				B897C75C2B2C950000143077 /* RoomView.swift */,
				B897C75E2B2C98F900143077 /* MusicPlayerView.swift */,
				B897C7602B2E1E7B00143077 /* AgoraService.swift */,
				B897C7672B30984000143077 /* WebsocketManager.swift */,
			);
			path = vima;
			sourceTree = "<group>";
		};
		B897C7242B2C149600143077 /* Preview Content */ = {
			isa = PBXGroup;
			children = (
				B897C7252B2C149600143077 /* Preview Assets.xcassets */,
			);
			path = "Preview Content";
			sourceTree = "<group>";
		};
		B897C72E2B2C149600143077 /* vimaTests */ = {
			isa = PBXGroup;
			children = (
				B897C72F2B2C149600143077 /* vimaTests.swift */,
			);
			path = vimaTests;
			sourceTree = "<group>";
		};
		B897C7382B2C149600143077 /* vimaUITests */ = {
			isa = PBXGroup;
			children = (
				B897C7392B2C149600143077 /* vimaUITests.swift */,
				B897C73B2B2C149600143077 /* vimaUITestsLaunchTests.swift */,
			);
			path = vimaUITests;
			sourceTree = "<group>";
		};
		B897C74E2B2C23B400143077 /* Resource */ = {
			isa = PBXGroup;
			children = (
				B897C7502B2C23ED00143077 /* Videos */,
			);
			path = Resource;
			sourceTree = "<group>";
		};
		B897C7502B2C23ED00143077 /* Videos */ = {
			isa = PBXGroup;
			children = (
				B897C7512B2C240300143077 /* Smoke_Sheet_4K_Motion_Background_Loop.mp4 */,
			);
			path = Videos;
			sourceTree = "<group>";
		};
/* End PBXGroup section */

/* Begin PBXNativeTarget section */
		B897C71A2B2C149400143077 /* vima */ = {
			isa = PBXNativeTarget;
			buildConfigurationList = B897C73F2B2C149600143077 /* Build configuration list for PBXNativeTarget "vima" */;
			buildPhases = (
				B897C7172B2C149400143077 /* Sources */,
				B897C7182B2C149400143077 /* Frameworks */,
				B897C7192B2C149400143077 /* Resources */,
			);
			buildRules = (
			);
			dependencies = (
			);
			name = vima;
			packageProductDependencies = (
				B897C7632B2E1FEC00143077 /* RtcBasic */,
			);
			productName = vima;
			productReference = B897C71B2B2C149400143077 /* vima.app */;
			productType = "com.apple.product-type.application";
		};
		B897C72A2B2C149600143077 /* vimaTests */ = {
			isa = PBXNativeTarget;
			buildConfigurationList = B897C7422B2C149600143077 /* Build configuration list for PBXNativeTarget "vimaTests" */;
			buildPhases = (
				B897C7272B2C149600143077 /* Sources */,
				B897C7282B2C149600143077 /* Frameworks */,
				B897C7292B2C149600143077 /* Resources */,
			);
			buildRules = (
			);
			dependencies = (
				B897C72D2B2C149600143077 /* PBXTargetDependency */,
			);
			name = vimaTests;
			productName = vimaTests;
			productReference = B897C72B2B2C149600143077 /* vimaTests.xctest */;
			productType = "com.apple.product-type.bundle.unit-test";
		};
		B897C7342B2C149600143077 /* vimaUITests */ = {
			isa = PBXNativeTarget;
			buildConfigurationList = B897C7452B2C149600143077 /* Build configuration list for PBXNativeTarget "vimaUITests" */;
			buildPhases = (
				B897C7312B2C149600143077 /* Sources */,
				B897C7322B2C149600143077 /* Frameworks */,
				B897C7332B2C149600143077 /* Resources */,
			);
			buildRules = (
			);
			dependencies = (
				B897C7372B2C149600143077 /* PBXTargetDependency */,
			);
			name = vimaUITests;
			productName = vimaUITests;
			productReference = B897C7352B2C149600143077 /* vimaUITests.xctest */;
			productType = "com.apple.product-type.bundle.ui-testing";
		};
/* End PBXNativeTarget section */

/* Begin PBXProject section */
		B897C7132B2C149400143077 /* Project object */ = {
			isa = PBXProject;
			attributes = {
				BuildIndependentTargetsInParallel = 1;
				LastSwiftUpdateCheck = 1510;
				LastUpgradeCheck = 1510;
				TargetAttributes = {
					B897C71A2B2C149400143077 = {
						CreatedOnToolsVersion = 15.1;
					};
					B897C72A2B2C149600143077 = {
						CreatedOnToolsVersion = 15.1;
						TestTargetID = B897C71A2B2C149400143077;
					};
					B897C7342B2C149600143077 = {
						CreatedOnToolsVersion = 15.1;
						TestTargetID = B897C71A2B2C149400143077;
					};
				};
			};
			buildConfigurationList = B897C7162B2C149400143077 /* Build configuration list for PBXProject "vima" */;
			compatibilityVersion = "Xcode 14.0";
			developmentRegion = en;
			hasScannedForEncodings = 0;
			knownRegions = (
				en,
				Base,
			);
			mainGroup = B897C7122B2C149400143077;
			packageReferences = (
				B897C7622B2E1FEC00143077 /* XCRemoteSwiftPackageReference "AgoraRtcEngine_iOS" */,
			);
			productRefGroup = B897C71C2B2C149400143077 /* Products */;
			projectDirPath = "";
			projectRoot = "";
			targets = (
				B897C71A2B2C149400143077 /* vima */,
				B897C72A2B2C149600143077 /* vimaTests */,
				B897C7342B2C149600143077 /* vimaUITests */,
			);
		};
/* End PBXProject section */

/* Begin PBXResourcesBuildPhase section */
		B897C7192B2C149400143077 /* Resources */ = {
			isa = PBXResourcesBuildPhase;
			buildActionMask = 2147483647;
			files = (
				B897C7522B2C240300143077 /* Smoke_Sheet_4K_Motion_Background_Loop.mp4 in Resources */,
				B897C7662B2E249200143077 /* servers.plist in Resources */,
				B897C7262B2C149600143077 /* Preview Assets.xcassets in Resources */,
				B897C7232B2C149600143077 /* Assets.xcassets in Resources */,
			);
			runOnlyForDeploymentPostprocessing = 0;
		};
		B897C7292B2C149600143077 /* Resources */ = {
			isa = PBXResourcesBuildPhase;
			buildActionMask = 2147483647;
			files = (
			);
			runOnlyForDeploymentPostprocessing = 0;
		};
		B897C7332B2C149600143077 /* Resources */ = {
			isa = PBXResourcesBuildPhase;
			buildActionMask = 2147483647;
			files = (
			);
			runOnlyForDeploymentPostprocessing = 0;
		};
/* End PBXResourcesBuildPhase section */

/* Begin PBXSourcesBuildPhase section */
		B897C7172B2C149400143077 /* Sources */ = {
			isa = PBXSourcesBuildPhase;
			buildActionMask = 2147483647;
			files = (
				B897C75D2B2C950000143077 /* RoomView.swift in Sources */,
				B897C7572B2C2E6F00143077 /* Payload.swift in Sources */,
				B897C7592B2C70D500143077 /* MainView.swift in Sources */,
				B897C7552B2C26FF00143077 /* NetworkService.swift in Sources */,
				B897C7212B2C149400143077 /* ContentView.swift in Sources */,
				B897C75F2B2C98F900143077 /* MusicPlayerView.swift in Sources */,
				B897C75B2B2C743600143077 /* FloatMenuView.swift in Sources */,
				B897C74B2B2C22BF00143077 /* Config.swift in Sources */,
				B897C74D2B2C22DE00143077 /* BackgroundPlayer.swift in Sources */,
				B897C7612B2E1E7B00143077 /* AgoraService.swift in Sources */,
				B897C71F2B2C149400143077 /* vimaApp.swift in Sources */,
				B897C7682B30984000143077 /* WebsocketManager.swift in Sources */,
			);
			runOnlyForDeploymentPostprocessing = 0;
		};
		B897C7272B2C149600143077 /* Sources */ = {
			isa = PBXSourcesBuildPhase;
			buildActionMask = 2147483647;
			files = (
				B897C7302B2C149600143077 /* vimaTests.swift in Sources */,
			);
			runOnlyForDeploymentPostprocessing = 0;
		};
		B897C7312B2C149600143077 /* Sources */ = {
			isa = PBXSourcesBuildPhase;
			buildActionMask = 2147483647;
			files = (
				B897C73A2B2C149600143077 /* vimaUITests.swift in Sources */,
				B897C73C2B2C149600143077 /* vimaUITestsLaunchTests.swift in Sources */,
			);
			runOnlyForDeploymentPostprocessing = 0;
		};
/* End PBXSourcesBuildPhase section */

/* Begin PBXTargetDependency section */
		B897C72D2B2C149600143077 /* PBXTargetDependency */ = {
			isa = PBXTargetDependency;
			target = B897C71A2B2C149400143077 /* vima */;
			targetProxy = B897C72C2B2C149600143077 /* PBXContainerItemProxy */;
		};
		B897C7372B2C149600143077 /* PBXTargetDependency */ = {
			isa = PBXTargetDependency;
			target = B897C71A2B2C149400143077 /* vima */;
			targetProxy = B897C7362B2C149600143077 /* PBXContainerItemProxy */;
		};
/* End PBXTargetDependency section */

/* Begin XCBuildConfiguration section */
		B897C73D2B2C149600143077 /* Debug */ = {
			isa = XCBuildConfiguration;
			buildSettings = {
				ALWAYS_SEARCH_USER_PATHS = NO;
				ASSETCATALOG_COMPILER_GENERATE_SWIFT_ASSET_SYMBOL_EXTENSIONS = YES;
				CLANG_ANALYZER_NONNULL = YES;
				CLANG_ANALYZER_NUMBER_OBJECT_CONVERSION = YES_AGGRESSIVE;
				CLANG_CXX_LANGUAGE_STANDARD = "gnu++20";
				CLANG_ENABLE_MODULES = YES;
				CLANG_ENABLE_OBJC_ARC = YES;
				CLANG_ENABLE_OBJC_WEAK = YES;
				CLANG_WARN_BLOCK_CAPTURE_AUTORELEASING = YES;
				CLANG_WARN_BOOL_CONVERSION = YES;
				CLANG_WARN_COMMA = YES;
				CLANG_WARN_CONSTANT_CONVERSION = YES;
				CLANG_WARN_DEPRECATED_OBJC_IMPLEMENTATIONS = YES;
				CLANG_WARN_DIRECT_OBJC_ISA_USAGE = YES_ERROR;
				CLANG_WARN_DOCUMENTATION_COMMENTS = YES;
				CLANG_WARN_EMPTY_BODY = YES;
				CLANG_WARN_ENUM_CONVERSION = YES;
				CLANG_WARN_INFINITE_RECURSION = YES;
				CLANG_WARN_INT_CONVERSION = YES;
				CLANG_WARN_NON_LITERAL_NULL_CONVERSION = YES;
				CLANG_WARN_OBJC_IMPLICIT_RETAIN_SELF = YES;
				CLANG_WARN_OBJC_LITERAL_CONVERSION = YES;
				CLANG_WARN_OBJC_ROOT_CLASS = YES_ERROR;
				CLANG_WARN_QUOTED_INCLUDE_IN_FRAMEWORK_HEADER = YES;
				CLANG_WARN_RANGE_LOOP_ANALYSIS = YES;
				CLANG_WARN_STRICT_PROTOTYPES = YES;
				CLANG_WARN_SUSPICIOUS_MOVE = YES;
				CLANG_WARN_UNGUARDED_AVAILABILITY = YES_AGGRESSIVE;
				CLANG_WARN_UNREACHABLE_CODE = YES;
				CLANG_WARN__DUPLICATE_METHOD_MATCH = YES;
				COPY_PHASE_STRIP = NO;
				DEBUG_INFORMATION_FORMAT = dwarf;
				ENABLE_STRICT_OBJC_MSGSEND = YES;
				ENABLE_TESTABILITY = YES;
				ENABLE_USER_SCRIPT_SANDBOXING = YES;
				GCC_C_LANGUAGE_STANDARD = gnu17;
				GCC_DYNAMIC_NO_PIC = NO;
				GCC_NO_COMMON_BLOCKS = YES;
				GCC_OPTIMIZATION_LEVEL = 0;
				GCC_PREPROCESSOR_DEFINITIONS = (
					"DEBUG=1",
					"$(inherited)",
				);
				GCC_WARN_64_TO_32_BIT_CONVERSION = YES;
				GCC_WARN_ABOUT_RETURN_TYPE = YES_ERROR;
				GCC_WARN_UNDECLARED_SELECTOR = YES;
				GCC_WARN_UNINITIALIZED_AUTOS = YES_AGGRESSIVE;
				GCC_WARN_UNUSED_FUNCTION = YES;
				GCC_WARN_UNUSED_VARIABLE = YES;
				IPHONEOS_DEPLOYMENT_TARGET = 17.2;
				LOCALIZATION_PREFERS_STRING_CATALOGS = YES;
				MTL_ENABLE_DEBUG_INFO = INCLUDE_SOURCE;
				MTL_FAST_MATH = YES;
				ONLY_ACTIVE_ARCH = YES;
				SDKROOT = iphoneos;
				SWIFT_ACTIVE_COMPILATION_CONDITIONS = "DEBUG $(inherited)";
				SWIFT_OPTIMIZATION_LEVEL = "-Onone";
			};
			name = Debug;
		};
		B897C73E2B2C149600143077 /* Release */ = {
			isa = XCBuildConfiguration;
			buildSettings = {
				ALWAYS_SEARCH_USER_PATHS = NO;
				ASSETCATALOG_COMPILER_GENERATE_SWIFT_ASSET_SYMBOL_EXTENSIONS = YES;
				CLANG_ANALYZER_NONNULL = YES;
				CLANG_ANALYZER_NUMBER_OBJECT_CONVERSION = YES_AGGRESSIVE;
				CLANG_CXX_LANGUAGE_STANDARD = "gnu++20";
				CLANG_ENABLE_MODULES = YES;
				CLANG_ENABLE_OBJC_ARC = YES;
				CLANG_ENABLE_OBJC_WEAK = YES;
				CLANG_WARN_BLOCK_CAPTURE_AUTORELEASING = YES;
				CLANG_WARN_BOOL_CONVERSION = YES;
				CLANG_WARN_COMMA = YES;
				CLANG_WARN_CONSTANT_CONVERSION = YES;
				CLANG_WARN_DEPRECATED_OBJC_IMPLEMENTATIONS = YES;
				CLANG_WARN_DIRECT_OBJC_ISA_USAGE = YES_ERROR;
				CLANG_WARN_DOCUMENTATION_COMMENTS = YES;
				CLANG_WARN_EMPTY_BODY = YES;
				CLANG_WARN_ENUM_CONVERSION = YES;
				CLANG_WARN_INFINITE_RECURSION = YES;
				CLANG_WARN_INT_CONVERSION = YES;
				CLANG_WARN_NON_LITERAL_NULL_CONVERSION = YES;
				CLANG_WARN_OBJC_IMPLICIT_RETAIN_SELF = YES;
				CLANG_WARN_OBJC_LITERAL_CONVERSION = YES;
				CLANG_WARN_OBJC_ROOT_CLASS = YES_ERROR;
				CLANG_WARN_QUOTED_INCLUDE_IN_FRAMEWORK_HEADER = YES;
				CLANG_WARN_RANGE_LOOP_ANALYSIS = YES;
				CLANG_WARN_STRICT_PROTOTYPES = YES;
				CLANG_WARN_SUSPICIOUS_MOVE = YES;
				CLANG_WARN_UNGUARDED_AVAILABILITY = YES_AGGRESSIVE;
				CLANG_WARN_UNREACHABLE_CODE = YES;
				CLANG_WARN__DUPLICATE_METHOD_MATCH = YES;
				COPY_PHASE_STRIP = NO;
				DEBUG_INFORMATION_FORMAT = "dwarf-with-dsym";
				ENABLE_NS_ASSERTIONS = NO;
				ENABLE_STRICT_OBJC_MSGSEND = YES;
				ENABLE_USER_SCRIPT_SANDBOXING = YES;
				GCC_C_LANGUAGE_STANDARD = gnu17;
				GCC_NO_COMMON_BLOCKS = YES;
				GCC_WARN_64_TO_32_BIT_CONVERSION = YES;
				GCC_WARN_ABOUT_RETURN_TYPE = YES_ERROR;
				GCC_WARN_UNDECLARED_SELECTOR = YES;
				GCC_WARN_UNINITIALIZED_AUTOS = YES_AGGRESSIVE;
				GCC_WARN_UNUSED_FUNCTION = YES;
				GCC_WARN_UNUSED_VARIABLE = YES;
				IPHONEOS_DEPLOYMENT_TARGET = 17.2;
				LOCALIZATION_PREFERS_STRING_CATALOGS = YES;
				MTL_ENABLE_DEBUG_INFO = NO;
				MTL_FAST_MATH = YES;
				SDKROOT = iphoneos;
				SWIFT_COMPILATION_MODE = wholemodule;
				VALIDATE_PRODUCT = YES;
			};
			name = Release;
		};
		B897C7402B2C149600143077 /* Debug */ = {
			isa = XCBuildConfiguration;
			buildSettings = {
				ASSETCATALOG_COMPILER_APPICON_NAME = AppIcon;
				ASSETCATALOG_COMPILER_GLOBAL_ACCENT_COLOR_NAME = AccentColor;
				CODE_SIGN_STYLE = Automatic;
				CURRENT_PROJECT_VERSION = 1;
				DEVELOPMENT_ASSET_PATHS = "\"vima/Preview Content\"";
				DEVELOPMENT_TEAM = 5LNF6678VM;
				ENABLE_PREVIEWS = YES;
				GENERATE_INFOPLIST_FILE = YES;
				INFOPLIST_KEY_LSApplicationCategoryType = "public.app-category.education";
				INFOPLIST_KEY_NSMicrophoneUsageDescription = "This app requires microphone access to record audio.";
				INFOPLIST_KEY_UIApplicationSceneManifest_Generation = YES;
				INFOPLIST_KEY_UIApplicationSupportsIndirectInputEvents = YES;
				INFOPLIST_KEY_UILaunchScreen_Generation = YES;
				INFOPLIST_KEY_UISupportedInterfaceOrientations_iPad = "UIInterfaceOrientationPortrait UIInterfaceOrientationPortraitUpsideDown UIInterfaceOrientationLandscapeLeft UIInterfaceOrientationLandscapeRight";
				INFOPLIST_KEY_UISupportedInterfaceOrientations_iPhone = "UIInterfaceOrientationPortrait UIInterfaceOrientationLandscapeLeft UIInterfaceOrientationLandscapeRight";
				IPHONEOS_DEPLOYMENT_TARGET = 16.6;
				LD_RUNPATH_SEARCH_PATHS = (
					"$(inherited)",
					"@executable_path/Frameworks",
				);
				MARKETING_VERSION = 1.0;
				PRODUCT_BUNDLE_IDENTIFIER = com.vimastudio.app;
				PRODUCT_NAME = "$(TARGET_NAME)";
				SWIFT_EMIT_LOC_STRINGS = YES;
				SWIFT_VERSION = 5.0;
				TARGETED_DEVICE_FAMILY = "1,2";
			};
			name = Debug;
		};
		B897C7412B2C149600143077 /* Release */ = {
			isa = XCBuildConfiguration;
			buildSettings = {
				ASSETCATALOG_COMPILER_APPICON_NAME = AppIcon;
				ASSETCATALOG_COMPILER_GLOBAL_ACCENT_COLOR_NAME = AccentColor;
				CODE_SIGN_STYLE = Automatic;
				CURRENT_PROJECT_VERSION = 1;
				DEVELOPMENT_ASSET_PATHS = "\"vima/Preview Content\"";
				DEVELOPMENT_TEAM = 5LNF6678VM;
				ENABLE_PREVIEWS = YES;
				GENERATE_INFOPLIST_FILE = YES;
				INFOPLIST_KEY_LSApplicationCategoryType = "public.app-category.education";
				INFOPLIST_KEY_NSMicrophoneUsageDescription = "This app requires microphone access to record audio.";
				INFOPLIST_KEY_UIApplicationSceneManifest_Generation = YES;
				INFOPLIST_KEY_UIApplicationSupportsIndirectInputEvents = YES;
				INFOPLIST_KEY_UILaunchScreen_Generation = YES;
				INFOPLIST_KEY_UISupportedInterfaceOrientations_iPad = "UIInterfaceOrientationPortrait UIInterfaceOrientationPortraitUpsideDown UIInterfaceOrientationLandscapeLeft UIInterfaceOrientationLandscapeRight";
				INFOPLIST_KEY_UISupportedInterfaceOrientations_iPhone = "UIInterfaceOrientationPortrait UIInterfaceOrientationLandscapeLeft UIInterfaceOrientationLandscapeRight";
				IPHONEOS_DEPLOYMENT_TARGET = 16.6;
				LD_RUNPATH_SEARCH_PATHS = (
					"$(inherited)",
					"@executable_path/Frameworks",
				);
				MARKETING_VERSION = 1.0;
				PRODUCT_BUNDLE_IDENTIFIER = com.vimastudio.app;
				PRODUCT_NAME = "$(TARGET_NAME)";
				SWIFT_EMIT_LOC_STRINGS = YES;
				SWIFT_VERSION = 5.0;
				TARGETED_DEVICE_FAMILY = "1,2";
			};
			name = Release;
		};
		B897C7432B2C149600143077 /* Debug */ = {
			isa = XCBuildConfiguration;
			buildSettings = {
				ALWAYS_EMBED_SWIFT_STANDARD_LIBRARIES = YES;
				BUNDLE_LOADER = "$(TEST_HOST)";
				CODE_SIGN_STYLE = Automatic;
				CURRENT_PROJECT_VERSION = 1;
				DEVELOPMENT_TEAM = 5LNF6678VM;
				GENERATE_INFOPLIST_FILE = YES;
				IPHONEOS_DEPLOYMENT_TARGET = 17.2;
				MARKETING_VERSION = 1.0;
				PRODUCT_BUNDLE_IDENTIFIER = com.vimastudio.vima.vimaTests;
				PRODUCT_NAME = "$(TARGET_NAME)";
				SWIFT_EMIT_LOC_STRINGS = NO;
				SWIFT_VERSION = 5.0;
				TARGETED_DEVICE_FAMILY = "1,2";
				TEST_HOST = "$(BUILT_PRODUCTS_DIR)/vima.app/$(BUNDLE_EXECUTABLE_FOLDER_PATH)/vima";
			};
			name = Debug;
		};
		B897C7442B2C149600143077 /* Release */ = {
			isa = XCBuildConfiguration;
			buildSettings = {
				ALWAYS_EMBED_SWIFT_STANDARD_LIBRARIES = YES;
				BUNDLE_LOADER = "$(TEST_HOST)";
				CODE_SIGN_STYLE = Automatic;
				CURRENT_PROJECT_VERSION = 1;
				DEVELOPMENT_TEAM = 5LNF6678VM;
				GENERATE_INFOPLIST_FILE = YES;
				IPHONEOS_DEPLOYMENT_TARGET = 17.2;
				MARKETING_VERSION = 1.0;
				PRODUCT_BUNDLE_IDENTIFIER = com.vimastudio.vima.vimaTests;
				PRODUCT_NAME = "$(TARGET_NAME)";
				SWIFT_EMIT_LOC_STRINGS = NO;
				SWIFT_VERSION = 5.0;
				TARGETED_DEVICE_FAMILY = "1,2";
				TEST_HOST = "$(BUILT_PRODUCTS_DIR)/vima.app/$(BUNDLE_EXECUTABLE_FOLDER_PATH)/vima";
			};
			name = Release;
		};
		B897C7462B2C149600143077 /* Debug */ = {
			isa = XCBuildConfiguration;
			buildSettings = {
				ALWAYS_EMBED_SWIFT_STANDARD_LIBRARIES = YES;
				CODE_SIGN_STYLE = Automatic;
				CURRENT_PROJECT_VERSION = 1;
				DEVELOPMENT_TEAM = 5LNF6678VM;
				GENERATE_INFOPLIST_FILE = YES;
				MARKETING_VERSION = 1.0;
				PRODUCT_BUNDLE_IDENTIFIER = com.vimastudio.vima.vimaUITests;
				PRODUCT_NAME = "$(TARGET_NAME)";
				SWIFT_EMIT_LOC_STRINGS = NO;
				SWIFT_VERSION = 5.0;
				TARGETED_DEVICE_FAMILY = "1,2";
				TEST_TARGET_NAME = vima;
			};
			name = Debug;
		};
		B897C7472B2C149600143077 /* Release */ = {
			isa = XCBuildConfiguration;
			buildSettings = {
				ALWAYS_EMBED_SWIFT_STANDARD_LIBRARIES = YES;
				CODE_SIGN_STYLE = Automatic;
				CURRENT_PROJECT_VERSION = 1;
				DEVELOPMENT_TEAM = 5LNF6678VM;
				GENERATE_INFOPLIST_FILE = YES;
				MARKETING_VERSION = 1.0;
				PRODUCT_BUNDLE_IDENTIFIER = com.vimastudio.vima.vimaUITests;
				PRODUCT_NAME = "$(TARGET_NAME)";
				SWIFT_EMIT_LOC_STRINGS = NO;
				SWIFT_VERSION = 5.0;
				TARGETED_DEVICE_FAMILY = "1,2";
				TEST_TARGET_NAME = vima;
			};
			name = Release;
		};
/* End XCBuildConfiguration section */

/* Begin XCConfigurationList section */
		B897C7162B2C149400143077 /* Build configuration list for PBXProject "vima" */ = {
			isa = XCConfigurationList;
			buildConfigurations = (
				B897C73D2B2C149600143077 /* Debug */,
				B897C73E2B2C149600143077 /* Release */,
			);
			defaultConfigurationIsVisible = 0;
			defaultConfigurationName = Release;
		};
		B897C73F2B2C149600143077 /* Build configuration list for PBXNativeTarget "vima" */ = {
			isa = XCConfigurationList;
			buildConfigurations = (
				B897C7402B2C149600143077 /* Debug */,
				B897C7412B2C149600143077 /* Release */,
			);
			defaultConfigurationIsVisible = 0;
			defaultConfigurationName = Release;
		};
		B897C7422B2C149600143077 /* Build configuration list for PBXNativeTarget "vimaTests" */ = {
			isa = XCConfigurationList;
			buildConfigurations = (
				B897C7432B2C149600143077 /* Debug */,
				B897C7442B2C149600143077 /* Release */,
			);
			defaultConfigurationIsVisible = 0;
			defaultConfigurationName = Release;
		};
		B897C7452B2C149600143077 /* Build configuration list for PBXNativeTarget "vimaUITests" */ = {
			isa = XCConfigurationList;
			buildConfigurations = (
				B897C7462B2C149600143077 /* Debug */,
				B897C7472B2C149600143077 /* Release */,
			);
			defaultConfigurationIsVisible = 0;
			defaultConfigurationName = Release;
		};
/* End XCConfigurationList section */

/* Begin XCRemoteSwiftPackageReference section */
		B897C7622B2E1FEC00143077 /* XCRemoteSwiftPackageReference "AgoraRtcEngine_iOS" */ = {
			isa = XCRemoteSwiftPackageReference;
			repositoryURL = "https://github.com/AgoraIO/AgoraRtcEngine_iOS";
			requirement = {
				kind = upToNextMajorVersion;
				minimumVersion = 4.2.6;
			};
		};
/* End XCRemoteSwiftPackageReference section */

/* Begin XCSwiftPackageProductDependency section */
		B897C7632B2E1FEC00143077 /* RtcBasic */ = {
			isa = XCSwiftPackageProductDependency;
			package = B897C7622B2E1FEC00143077 /* XCRemoteSwiftPackageReference "AgoraRtcEngine_iOS" */;
			productName = RtcBasic;
		};
/* End XCSwiftPackageProductDependency section */
	};
	rootObject = B897C7132B2C149400143077 /* Project object */;
}
